{
  "version": 4,
  "terraform_version": "1.2.4",
  "serial": 324,
  "lineage": "0884db5c-f421-7006-3f6f-ae2645ce6842",
  "outputs": {},
  "resources": [
    {
      "mode": "managed",
      "type": "aws_s3_bucket",
      "name": "restaurant_bucket",
      "provider": "provider[\"registry.terraform.io/hashicorp/aws\"]",
      "instances": [
        {
          "schema_version": 0,
          "attributes": {
            "acceleration_status": "",
            "acl": null,
            "arn": "arn:aws:s3:::terraform-restaurant",
            "bucket": "terraform-restaurant",
            "bucket_domain_name": "terraform-restaurant.s3.amazonaws.com",
            "bucket_prefix": null,
            "bucket_regional_domain_name": "terraform-restaurant.s3.ap-southeast-1.amazonaws.com",
            "cors_rule": [],
            "force_destroy": false,
            "grant": [
              {
                "id": "",
                "permissions": [
                  "READ"
                ],
                "type": "Group",
                "uri": "http://acs.amazonaws.com/groups/global/AllUsers"
              },
              {
                "id": "94fe28476a3a2f9c355e1a17d3dcde1b70170dff8a2b84ab66ea65c72ee5077c",
                "permissions": [
                  "FULL_CONTROL"
                ],
                "type": "CanonicalUser",
                "uri": ""
              }
            ],
            "hosted_zone_id": "Z3O0J2DXBE1FTB",
            "id": "terraform-restaurant",
            "lifecycle_rule": [],
            "logging": [],
            "object_lock_configuration": [],
            "object_lock_enabled": false,
            "policy": "{\"Version\":\"2012-10-17\",\"Statement\":[{\"Sid\":\"PublicReadGetObject\",\"Effect\":\"Allow\",\"Principal\":\"*\",\"Action\":\"s3:GetObject\",\"Resource\":\"arn:aws:s3:::terraform-restaurant/*\"}]}",
            "region": "ap-southeast-1",
            "replication_configuration": [],
            "request_payer": "BucketOwner",
            "server_side_encryption_configuration": [],
            "tags": {},
            "tags_all": {},
            "versioning": [
              {
                "enabled": false,
                "mfa_delete": false
              }
            ],
            "website": [
              {
                "error_document": "index.html",
                "index_document": "index.html",
                "redirect_all_requests_to": "",
                "routing_rules": ""
              }
            ],
            "website_domain": "s3-website-ap-southeast-1.amazonaws.com",
            "website_endpoint": "terraform-restaurant.s3-website-ap-southeast-1.amazonaws.com"
          },
          "sensitive_attributes": [],
          "private": "bnVsbA=="
        }
      ]
    },
    {
      "mode": "managed",
      "type": "aws_s3_bucket_acl",
      "name": "restaurant_bucket_acl",
      "provider": "provider[\"registry.terraform.io/hashicorp/aws\"]",
      "instances": [
        {
          "schema_version": 0,
          "attributes": {
            "access_control_policy": [
              {
                "grant": [
                  {
                    "grantee": [
                      {
                        "display_name": "",
                        "email_address": "",
                        "id": "",
                        "type": "Group",
                        "uri": "http://acs.amazonaws.com/groups/global/AllUsers"
                      }
                    ],
                    "permission": "READ"
                  },
                  {
                    "grantee": [
                      {
                        "display_name": "nhanvantran5464",
                        "email_address": "",
                        "id": "94fe28476a3a2f9c355e1a17d3dcde1b70170dff8a2b84ab66ea65c72ee5077c",
                        "type": "CanonicalUser",
                        "uri": ""
                      }
                    ],
                    "permission": "FULL_CONTROL"
                  }
                ],
                "owner": [
                  {
                    "display_name": "nhanvantran5464",
                    "id": "94fe28476a3a2f9c355e1a17d3dcde1b70170dff8a2b84ab66ea65c72ee5077c"
                  }
                ]
              }
            ],
            "acl": "public-read",
            "bucket": "terraform-restaurant",
            "expected_bucket_owner": "",
            "id": "terraform-restaurant,public-read"
          },
          "sensitive_attributes": [],
          "private": "bnVsbA==",
          "dependencies": [
            "aws_s3_bucket.restaurant_bucket"
          ]
        }
      ]
    },
    {
      "mode": "managed",
      "type": "aws_s3_bucket_object",
      "name": "object",
      "provider": "provider[\"registry.terraform.io/hashicorp/aws\"]",
      "instances": [
        {
          "index_key": "src/about.html",
          "schema_version": 0,
          "attributes": {
            "acl": "private",
            "bucket": "terraform-restaurant",
            "bucket_key_enabled": false,
            "cache_control": "",
            "content": null,
            "content_base64": null,
            "content_disposition": "",
            "content_encoding": "",
            "content_language": "",
            "content_type": "text/html",
            "etag": "88bd460db991db038743e9c824c314dd",
            "force_destroy": false,
            "id": "/about.html",
            "key": "/about.html",
            "kms_key_id": null,
            "metadata": {},
            "object_lock_legal_hold_status": "",
            "object_lock_mode": "",
            "object_lock_retain_until_date": "",
            "server_side_encryption": "",
            "source": "src/about.html",
            "source_hash": null,
            "storage_class": "STANDARD",
            "tags": {},
            "tags_all": {},
            "version_id": "",
            "website_redirect": ""
          },
          "sensitive_attributes": [],
          "private": "bnVsbA==",
          "dependencies": [
            "aws_s3_bucket.restaurant_bucket"
          ]
        },
        {
          "index_key": "src/contact.html",
          "schema_version": 0,
          "attributes": {
            "acl": "private",
            "bucket": "terraform-restaurant",
            "bucket_key_enabled": false,
            "cache_control": "",
            "content": null,
            "content_base64": null,
            "content_disposition": "",
            "content_encoding": "",
            "content_language": "",
            "content_type": "text/html",
            "etag": "d4bb1e162002e44492cedd09be44ff2c",
            "force_destroy": false,
            "id": "/contact.html",
            "key": "/contact.html",
            "kms_key_id": null,
            "metadata": {},
            "object_lock_legal_hold_status": "",
            "object_lock_mode": "",
            "object_lock_retain_until_date": "",
            "server_side_encryption": "",
            "source": "src/contact.html",
            "source_hash": null,
            "storage_class": "STANDARD",
            "tags": {},
            "tags_all": {},
            "version_id": "",
            "website_redirect": ""
          },
          "sensitive_attributes": [],
          "private": "bnVsbA==",
          "dependencies": [
            "aws_s3_bucket.restaurant_bucket"
          ]
        },
        {
          "index_key": "src/css/bootstrap-icons.css",
          "schema_version": 0,
          "attributes": {
            "acl": "private",
            "bucket": "terraform-restaurant",
            "bucket_key_enabled": false,
            "cache_control": "",
            "content": null,
            "content_base64": null,
            "content_disposition": "",
            "content_encoding": "",
            "content_language": "",
            "content_type": "text/css",
            "etag": "c61da154294f1b735790a119282435eb",
            "force_destroy": false,
            "id": "/css/bootstrap-icons.css",
            "key": "/css/bootstrap-icons.css",
            "kms_key_id": null,
            "metadata": {},
            "object_lock_legal_hold_status": "",
            "object_lock_mode": "",
            "object_lock_retain_until_date": "",
            "server_side_encryption": "",
            "source": "src/css/bootstrap-icons.css",
            "source_hash": null,
            "storage_class": "STANDARD",
            "tags": {},
            "tags_all": {},
            "version_id": "",
            "website_redirect": ""
          },
          "sensitive_attributes": [],
          "private": "bnVsbA==",
          "dependencies": [
            "aws_s3_bucket.restaurant_bucket"
          ]
        },
        {
          "index_key": "src/css/bootstrap.min.css",
          "schema_version": 0,
          "attributes": {
            "acl": "private",
            "bucket": "terraform-restaurant",
            "bucket_key_enabled": false,
            "cache_control": "",
            "content": null,
            "content_base64": null,
            "content_disposition": "",
            "content_encoding": "",
            "content_language": "",
            "content_type": "text/css",
            "etag": "94994c66fec8c3468b269dc0cc242151",
            "force_destroy": false,
            "id": "/css/bootstrap.min.css",
            "key": "/css/bootstrap.min.css",
            "kms_key_id": null,
            "metadata": {},
            "object_lock_legal_hold_status": "",
            "object_lock_mode": "",
            "object_lock_retain_until_date": "",
            "server_side_encryption": "",
            "source": "src/css/bootstrap.min.css",
            "source_hash": null,
            "storage_class": "STANDARD",
            "tags": {},
            "tags_all": {},
            "version_id": "",
            "website_redirect": ""
          },
          "sensitive_attributes": [],
          "private": "bnVsbA==",
          "dependencies": [
            "aws_s3_bucket.restaurant_bucket"
          ]
        },
        {
          "index_key": "src/css/tooplate-crispy-kitchen.css",
          "schema_version": 0,
          "attributes": {
            "acl": "private",
            "bucket": "terraform-restaurant",
            "bucket_key_enabled": false,
            "cache_control": "",
            "content": null,
            "content_base64": null,
            "content_disposition": "",
            "content_encoding": "",
            "content_language": "",
            "content_type": "text/css",
            "etag": "3e09f4f55526c5c9369de5c5685ec4f7",
            "force_destroy": false,
            "id": "/css/tooplate-crispy-kitchen.css",
            "key": "/css/tooplate-crispy-kitchen.css",
            "kms_key_id": null,
            "metadata": {},
            "object_lock_legal_hold_status": "",
            "object_lock_mode": "",
            "object_lock_retain_until_date": "",
            "server_side_encryption": "",
            "source": "src/css/tooplate-crispy-kitchen.css",
            "source_hash": null,
            "storage_class": "STANDARD",
            "tags": {},
            "tags_all": {},
            "version_id": "",
            "website_redirect": ""
          },
          "sensitive_attributes": [],
          "private": "bnVsbA==",
          "dependencies": [
            "aws_s3_bucket.restaurant_bucket"
          ]
        },
        {
          "index_key": "src/fonts/bootstrap-icons.woff",
          "schema_version": 0,
          "attributes": {
            "acl": "private",
            "bucket": "terraform-restaurant",
            "bucket_key_enabled": false,
            "cache_control": "",
            "content": null,
            "content_base64": null,
            "content_disposition": "",
            "content_encoding": "",
            "content_language": "",
            "content_type": "font/woff",
            "etag": "7fb23f3b56a834d9dcf615b5e7c78da8",
            "force_destroy": false,
            "id": "/fonts/bootstrap-icons.woff",
            "key": "/fonts/bootstrap-icons.woff",
            "kms_key_id": null,
            "metadata": {},
            "object_lock_legal_hold_status": "",
            "object_lock_mode": "",
            "object_lock_retain_until_date": "",
            "server_side_encryption": "",
            "source": "src/fonts/bootstrap-icons.woff",
            "source_hash": null,
            "storage_class": "STANDARD",
            "tags": {},
            "tags_all": {},
            "version_id": "",
            "website_redirect": ""
          },
          "sensitive_attributes": [],
          "private": "bnVsbA==",
          "dependencies": [
            "aws_s3_bucket.restaurant_bucket"
          ]
        },
        {
          "index_key": "src/fonts/bootstrap-icons.woff2",
          "schema_version": 0,
          "attributes": {
            "acl": "private",
            "bucket": "terraform-restaurant",
            "bucket_key_enabled": false,
            "cache_control": "",
            "content": null,
            "content_base64": null,
            "content_disposition": "",
            "content_encoding": "",
            "content_language": "",
            "content_type": "font/woff2",
            "etag": "e07b538aa51b6fa77f32828af21cb591",
            "force_destroy": false,
            "id": "/fonts/bootstrap-icons.woff2",
            "key": "/fonts/bootstrap-icons.woff2",
            "kms_key_id": null,
            "metadata": {},
            "object_lock_legal_hold_status": "",
            "object_lock_mode": "",
            "object_lock_retain_until_date": "",
            "server_side_encryption": "",
            "source": "src/fonts/bootstrap-icons.woff2",
            "source_hash": null,
            "storage_class": "STANDARD",
            "tags": {},
            "tags_all": {},
            "version_id": "",
            "website_redirect": ""
          },
          "sensitive_attributes": [],
          "private": "bnVsbA==",
          "dependencies": [
            "aws_s3_bucket.restaurant_bucket"
          ]
        },
        {
          "index_key": "src/images/alex-haney-CAhjZmVk5H4-unsplash.jpg",
          "schema_version": 0,
          "attributes": {
            "acl": "private",
            "bucket": "terraform-restaurant",
            "bucket_key_enabled": false,
            "cache_control": "",
            "content": null,
            "content_base64": null,
            "content_disposition": "",
            "content_encoding": "",
            "content_language": "",
            "content_type": "image/jpeg",
            "etag": "c6787364ce59e81798b368317cc806bf",
            "force_destroy": false,
            "id": "/images/alex-haney-CAhjZmVk5H4-unsplash.jpg",
            "key": "/images/alex-haney-CAhjZmVk5H4-unsplash.jpg",
            "kms_key_id": null,
            "metadata": {},
            "object_lock_legal_hold_status": "",
            "object_lock_mode": "",
            "object_lock_retain_until_date": "",
            "server_side_encryption": "",
            "source": "src/images/alex-haney-CAhjZmVk5H4-unsplash.jpg",
            "source_hash": null,
            "storage_class": "STANDARD",
            "tags": {},
            "tags_all": {},
            "version_id": "",
            "website_redirect": ""
          },
          "sensitive_attributes": [],
          "private": "bnVsbA==",
          "dependencies": [
            "aws_s3_bucket.restaurant_bucket"
          ]
        },
        {
          "index_key": "src/images/author/alexander-hipp-iEEBWgY_6lA-unsplash.jpg",
          "schema_version": 0,
          "attributes": {
            "acl": "private",
            "bucket": "terraform-restaurant",
            "bucket_key_enabled": false,
            "cache_control": "",
            "content": null,
            "content_base64": null,
            "content_disposition": "",
            "content_encoding": "",
            "content_language": "",
            "content_type": "image/jpeg",
            "etag": "8af6707705a830d4d64f519362500cc4",
            "force_destroy": false,
            "id": "/images/author/alexander-hipp-iEEBWgY_6lA-unsplash.jpg",
            "key": "/images/author/alexander-hipp-iEEBWgY_6lA-unsplash.jpg",
            "kms_key_id": null,
            "metadata": {},
            "object_lock_legal_hold_status": "",
            "object_lock_mode": "",
            "object_lock_retain_until_date": "",
            "server_side_encryption": "",
            "source": "src/images/author/alexander-hipp-iEEBWgY_6lA-unsplash.jpg",
            "source_hash": null,
            "storage_class": "STANDARD",
            "tags": {},
            "tags_all": {},
            "version_id": "",
            "website_redirect": ""
          },
          "sensitive_attributes": [],
          "private": "bnVsbA==",
          "dependencies": [
            "aws_s3_bucket.restaurant_bucket"
          ]
        },
        {
          "index_key": "src/images/author/shoeib-abolhassani-ojl7T2Ah93U-unsplash.jpg",
          "schema_version": 0,
          "attributes": {
            "acl": "private",
            "bucket": "terraform-restaurant",
            "bucket_key_enabled": false,
            "cache_control": "",
            "content": null,
            "content_base64": null,
            "content_disposition": "",
            "content_encoding": "",
            "content_language": "",
            "content_type": "image/jpeg",
            "etag": "e365f1e5265d120b4e36c9105217dd43",
            "force_destroy": false,
            "id": "/images/author/shoeib-abolhassani-ojl7T2Ah93U-unsplash.jpg",
            "key": "/images/author/shoeib-abolhassani-ojl7T2Ah93U-unsplash.jpg",
            "kms_key_id": null,
            "metadata": {},
            "object_lock_legal_hold_status": "",
            "object_lock_mode": "",
            "object_lock_retain_until_date": "",
            "server_side_encryption": "",
            "source": "src/images/author/shoeib-abolhassani-ojl7T2Ah93U-unsplash.jpg",
            "source_hash": null,
            "storage_class": "STANDARD",
            "tags": {},
            "tags_all": {},
            "version_id": "",
            "website_redirect": ""
          },
          "sensitive_attributes": [],
          "private": "bnVsbA==",
          "dependencies": [
            "aws_s3_bucket.restaurant_bucket"
          ]
        },
        {
          "index_key": "src/images/breakfast/brett-jordan-8xt8-HIFqc8-unsplash.jpg",
          "schema_version": 0,
          "attributes": {
            "acl": "private",
            "bucket": "terraform-restaurant",
            "bucket_key_enabled": false,
            "cache_control": "",
            "content": null,
            "content_base64": null,
            "content_disposition": "",
            "content_encoding": "",
            "content_language": "",
            "content_type": "image/jpeg",
            "etag": "966024fd77958d32f5d4a429037c5a43",
            "force_destroy": false,
            "id": "/images/breakfast/brett-jordan-8xt8-HIFqc8-unsplash.jpg",
            "key": "/images/breakfast/brett-jordan-8xt8-HIFqc8-unsplash.jpg",
            "kms_key_id": null,
            "metadata": {},
            "object_lock_legal_hold_status": "",
            "object_lock_mode": "",
            "object_lock_retain_until_date": "",
            "server_side_encryption": "",
            "source": "src/images/breakfast/brett-jordan-8xt8-HIFqc8-unsplash.jpg",
            "source_hash": null,
            "storage_class": "STANDARD",
            "tags": {},
            "tags_all": {},
            "version_id": "",
            "website_redirect": ""
          },
          "sensitive_attributes": [],
          "private": "bnVsbA==",
          "dependencies": [
            "aws_s3_bucket.restaurant_bucket"
          ]
        },
        {
          "index_key": "src/images/breakfast/louis-hansel-dphM2U1xq0U-unsplash.jpg",
          "schema_version": 0,
          "attributes": {
            "acl": "private",
            "bucket": "terraform-restaurant",
            "bucket_key_enabled": false,
            "cache_control": "",
            "content": null,
            "content_base64": null,
            "content_disposition": "",
            "content_encoding": "",
            "content_language": "",
            "content_type": "image/jpeg",
            "etag": "7b553ff8344b7db736670c479dc8634f",
            "force_destroy": false,
            "id": "/images/breakfast/louis-hansel-dphM2U1xq0U-unsplash.jpg",
            "key": "/images/breakfast/louis-hansel-dphM2U1xq0U-unsplash.jpg",
            "kms_key_id": null,
            "metadata": {},
            "object_lock_legal_hold_status": "",
            "object_lock_mode": "",
            "object_lock_retain_until_date": "",
            "server_side_encryption": "",
            "source": "src/images/breakfast/louis-hansel-dphM2U1xq0U-unsplash.jpg",
            "source_hash": null,
            "storage_class": "STANDARD",
            "tags": {},
            "tags_all": {},
            "version_id": "",
            "website_redirect": ""
          },
          "sensitive_attributes": [],
          "private": "bnVsbA==",
          "dependencies": [
            "aws_s3_bucket.restaurant_bucket"
          ]
        },
        {
          "index_key": "src/images/breakfast/lucas-swennen-1W_MyJSRLuQ-unsplash.jpg",
          "schema_version": 0,
          "attributes": {
            "acl": "private",
            "bucket": "terraform-restaurant",
            "bucket_key_enabled": false,
            "cache_control": "",
            "content": null,
            "content_base64": null,
            "content_disposition": "",
            "content_encoding": "",
            "content_language": "",
            "content_type": "image/jpeg",
            "etag": "3946025231b757c0b08586c9a14e0646",
            "force_destroy": false,
            "id": "/images/breakfast/lucas-swennen-1W_MyJSRLuQ-unsplash.jpg",
            "key": "/images/breakfast/lucas-swennen-1W_MyJSRLuQ-unsplash.jpg",
            "kms_key_id": null,
            "metadata": {},
            "object_lock_legal_hold_status": "",
            "object_lock_mode": "",
            "object_lock_retain_until_date": "",
            "server_side_encryption": "",
            "source": "src/images/breakfast/lucas-swennen-1W_MyJSRLuQ-unsplash.jpg",
            "source_hash": null,
            "storage_class": "STANDARD",
            "tags": {},
            "tags_all": {},
            "version_id": "",
            "website_redirect": ""
          },
          "sensitive_attributes": [],
          "private": "bnVsbA==",
          "dependencies": [
            "aws_s3_bucket.restaurant_bucket"
          ]
        },
        {
          "index_key": "src/images/charles-deluvio-FdDkfYFHqe4-unsplash.jpg",
          "schema_version": 0,
          "attributes": {
            "acl": "private",
            "bucket": "terraform-restaurant",
            "bucket_key_enabled": false,
            "cache_control": "",
            "content": null,
            "content_base64": null,
            "content_disposition": "",
            "content_encoding": "",
            "content_language": "",
            "content_type": "image/jpeg",
            "etag": "56b31c794b5de779c2208cb325457490",
            "force_destroy": false,
            "id": "/images/charles-deluvio-FdDkfYFHqe4-unsplash.jpg",
            "key": "/images/charles-deluvio-FdDkfYFHqe4-unsplash.jpg",
            "kms_key_id": null,
            "metadata": {},
            "object_lock_legal_hold_status": "",
            "object_lock_mode": "",
            "object_lock_retain_until_date": "",
            "server_side_encryption": "",
            "source": "src/images/charles-deluvio-FdDkfYFHqe4-unsplash.jpg",
            "source_hash": null,
            "storage_class": "STANDARD",
            "tags": {},
            "tags_all": {},
            "version_id": "",
            "website_redirect": ""
          },
          "sensitive_attributes": [],
          "private": "bnVsbA==",
          "dependencies": [
            "aws_s3_bucket.restaurant_bucket"
          ]
        },
        {
          "index_key": "src/images/daan-evers-tKN1WXrzQ3s-unsplash.jpg",
          "schema_version": 0,
          "attributes": {
            "acl": "private",
            "bucket": "terraform-restaurant",
            "bucket_key_enabled": false,
            "cache_control": "",
            "content": null,
            "content_base64": null,
            "content_disposition": "",
            "content_encoding": "",
            "content_language": "",
            "content_type": "image/jpeg",
            "etag": "5ca8813c4be32f57f091e5375b76d599",
            "force_destroy": false,
            "id": "/images/daan-evers-tKN1WXrzQ3s-unsplash.jpg",
            "key": "/images/daan-evers-tKN1WXrzQ3s-unsplash.jpg",
            "kms_key_id": null,
            "metadata": {},
            "object_lock_legal_hold_status": "",
            "object_lock_mode": "",
            "object_lock_retain_until_date": "",
            "server_side_encryption": "",
            "source": "src/images/daan-evers-tKN1WXrzQ3s-unsplash.jpg",
            "source_hash": null,
            "storage_class": "STANDARD",
            "tags": {},
            "tags_all": {},
            "version_id": "",
            "website_redirect": ""
          },
          "sensitive_attributes": [],
          "private": "bnVsbA==",
          "dependencies": [
            "aws_s3_bucket.restaurant_bucket"
          ]
        },
        {
          "index_key": "src/images/dinner/farhad-ibrahimzade-ZipYER3NLhY-unsplash.jpg",
          "schema_version": 0,
          "attributes": {
            "acl": "private",
            "bucket": "terraform-restaurant",
            "bucket_key_enabled": false,
            "cache_control": "",
            "content": null,
            "content_base64": null,
            "content_disposition": "",
            "content_encoding": "",
            "content_language": "",
            "content_type": "image/jpeg",
            "etag": "0e5fe34c3173144198e174de17177557",
            "force_destroy": false,
            "id": "/images/dinner/farhad-ibrahimzade-ZipYER3NLhY-unsplash.jpg",
            "key": "/images/dinner/farhad-ibrahimzade-ZipYER3NLhY-unsplash.jpg",
            "kms_key_id": null,
            "metadata": {},
            "object_lock_legal_hold_status": "",
            "object_lock_mode": "",
            "object_lock_retain_until_date": "",
            "server_side_encryption": "",
            "source": "src/images/dinner/farhad-ibrahimzade-ZipYER3NLhY-unsplash.jpg",
            "source_hash": null,
            "storage_class": "STANDARD",
            "tags": {},
            "tags_all": {},
            "version_id": "",
            "website_redirect": ""
          },
          "sensitive_attributes": [],
          "private": "bnVsbA==",
          "dependencies": [
            "aws_s3_bucket.restaurant_bucket"
          ]
        },
        {
          "index_key": "src/images/dinner/farhad-ibrahimzade-isHUj3N0194-unsplash.jpg",
          "schema_version": 0,
          "attributes": {
            "acl": "private",
            "bucket": "terraform-restaurant",
            "bucket_key_enabled": false,
            "cache_control": "",
            "content": null,
            "content_base64": null,
            "content_disposition": "",
            "content_encoding": "",
            "content_language": "",
            "content_type": "image/jpeg",
            "etag": "6bc84e7f23b4916a1e546e3332e193f1",
            "force_destroy": false,
            "id": "/images/dinner/farhad-ibrahimzade-isHUj3N0194-unsplash.jpg",
            "key": "/images/dinner/farhad-ibrahimzade-isHUj3N0194-unsplash.jpg",
            "kms_key_id": null,
            "metadata": {},
            "object_lock_legal_hold_status": "",
            "object_lock_mode": "",
            "object_lock_retain_until_date": "",
            "server_side_encryption": "",
            "source": "src/images/dinner/farhad-ibrahimzade-isHUj3N0194-unsplash.jpg",
            "source_hash": null,
            "storage_class": "STANDARD",
            "tags": {},
            "tags_all": {},
            "version_id": "",
            "website_redirect": ""
          },
          "sensitive_attributes": [],
          "private": "bnVsbA==",
          "dependencies": [
            "aws_s3_bucket.restaurant_bucket"
          ]
        },
        {
          "index_key": "src/images/dinner/keriliwi-c3mFafsFz2w-unsplash.jpg",
          "schema_version": 0,
          "attributes": {
            "acl": "private",
            "bucket": "terraform-restaurant",
            "bucket_key_enabled": false,
            "cache_control": "",
            "content": null,
            "content_base64": null,
            "content_disposition": "",
            "content_encoding": "",
            "content_language": "",
            "content_type": "image/jpeg",
            "etag": "9a0ec8151109802a053d6010f5b33f32",
            "force_destroy": false,
            "id": "/images/dinner/keriliwi-c3mFafsFz2w-unsplash.jpg",
            "key": "/images/dinner/keriliwi-c3mFafsFz2w-unsplash.jpg",
            "kms_key_id": null,
            "metadata": {},
            "object_lock_legal_hold_status": "",
            "object_lock_mode": "",
            "object_lock_retain_until_date": "",
            "server_side_encryption": "",
            "source": "src/images/dinner/keriliwi-c3mFafsFz2w-unsplash.jpg",
            "source_hash": null,
            "storage_class": "STANDARD",
            "tags": {},
            "tags_all": {},
            "version_id": "",
            "website_redirect": ""
          },
          "sensitive_attributes": [],
          "private": "bnVsbA==",
          "dependencies": [
            "aws_s3_bucket.restaurant_bucket"
          ]
        },
        {
          "index_key": "src/images/header/briana-tozour-V_Nkf1E-vYA-unsplash.jpg",
          "schema_version": 0,
          "attributes": {
            "acl": "private",
            "bucket": "terraform-restaurant",
            "bucket_key_enabled": false,
            "cache_control": "",
            "content": null,
            "content_base64": null,
            "content_disposition": "",
            "content_encoding": "",
            "content_language": "",
            "content_type": "image/jpeg",
            "etag": "2c9644168d3204db4ea30c7804ebfe90",
            "force_destroy": false,
            "id": "/images/header/briana-tozour-V_Nkf1E-vYA-unsplash.jpg",
            "key": "/images/header/briana-tozour-V_Nkf1E-vYA-unsplash.jpg",
            "kms_key_id": null,
            "metadata": {},
            "object_lock_legal_hold_status": "",
            "object_lock_mode": "",
            "object_lock_retain_until_date": "",
            "server_side_encryption": "",
            "source": "src/images/header/briana-tozour-V_Nkf1E-vYA-unsplash.jpg",
            "source_hash": null,
            "storage_class": "STANDARD",
            "tags": {},
            "tags_all": {},
            "version_id": "",
            "website_redirect": ""
          },
          "sensitive_attributes": [],
          "private": "bnVsbA==",
          "dependencies": [
            "aws_s3_bucket.restaurant_bucket"
          ]
        },
        {
          "index_key": "src/images/header/luisa-brimble-aFzg83dvnAI-unsplash.jpg",
          "schema_version": 0,
          "attributes": {
            "acl": "private",
            "bucket": "terraform-restaurant",
            "bucket_key_enabled": false,
            "cache_control": "",
            "content": null,
            "content_base64": null,
            "content_disposition": "",
            "content_encoding": "",
            "content_language": "",
            "content_type": "image/jpeg",
            "etag": "1107ed740553b78f4f42bceeecae9fba",
            "force_destroy": false,
            "id": "/images/header/luisa-brimble-aFzg83dvnAI-unsplash.jpg",
            "key": "/images/header/luisa-brimble-aFzg83dvnAI-unsplash.jpg",
            "kms_key_id": null,
            "metadata": {},
            "object_lock_legal_hold_status": "",
            "object_lock_mode": "",
            "object_lock_retain_until_date": "",
            "server_side_encryption": "",
            "source": "src/images/header/luisa-brimble-aFzg83dvnAI-unsplash.jpg",
            "source_hash": null,
            "storage_class": "STANDARD",
            "tags": {},
            "tags_all": {},
            "version_id": "",
            "website_redirect": ""
          },
          "sensitive_attributes": [],
          "private": "bnVsbA==",
          "dependencies": [
            "aws_s3_bucket.restaurant_bucket"
          ]
        },
        {
          "index_key": "src/images/header/priscilla-du-preez-W3SEyZODn8U-unsplash.jpg",
          "schema_version": 0,
          "attributes": {
            "acl": "private",
            "bucket": "terraform-restaurant",
            "bucket_key_enabled": false,
            "cache_control": "",
            "content": null,
            "content_base64": null,
            "content_disposition": "",
            "content_encoding": "",
            "content_language": "",
            "content_type": "image/jpeg",
            "etag": "81dc3c52ce8dda59a6d20c788b338805",
            "force_destroy": false,
            "id": "/images/header/priscilla-du-preez-W3SEyZODn8U-unsplash.jpg",
            "key": "/images/header/priscilla-du-preez-W3SEyZODn8U-unsplash.jpg",
            "kms_key_id": null,
            "metadata": {},
            "object_lock_legal_hold_status": "",
            "object_lock_mode": "",
            "object_lock_retain_until_date": "",
            "server_side_encryption": "",
            "source": "src/images/header/priscilla-du-preez-W3SEyZODn8U-unsplash.jpg",
            "source_hash": null,
            "storage_class": "STANDARD",
            "tags": {},
            "tags_all": {},
            "version_id": "",
            "website_redirect": ""
          },
          "sensitive_attributes": [],
          "private": "bnVsbA==",
          "dependencies": [
            "aws_s3_bucket.restaurant_bucket"
          ]
        },
        {
          "index_key": "src/images/header/rod-long-I79Pgmhmy5M-unsplash.jpg",
          "schema_version": 0,
          "attributes": {
            "acl": "private",
            "bucket": "terraform-restaurant",
            "bucket_key_enabled": false,
            "cache_control": "",
            "content": null,
            "content_base64": null,
            "content_disposition": "",
            "content_encoding": "",
            "content_language": "",
            "content_type": "image/jpeg",
            "etag": "8a7ec9bb7245605f12a1d378e93af4d3",
            "force_destroy": false,
            "id": "/images/header/rod-long-I79Pgmhmy5M-unsplash.jpg",
            "key": "/images/header/rod-long-I79Pgmhmy5M-unsplash.jpg",
            "kms_key_id": null,
            "metadata": {},
            "object_lock_legal_hold_status": "",
            "object_lock_mode": "",
            "object_lock_retain_until_date": "",
            "server_side_encryption": "",
            "source": "src/images/header/rod-long-I79Pgmhmy5M-unsplash.jpg",
            "source_hash": null,
            "storage_class": "STANDARD",
            "tags": {},
            "tags_all": {},
            "version_id": "",
            "website_redirect": ""
          },
          "sensitive_attributes": [],
          "private": "bnVsbA==",
          "dependencies": [
            "aws_s3_bucket.restaurant_bucket"
          ]
        },
        {
          "index_key": "src/images/lunch/farhad-ibrahimzade-D5c9ZciQy_I-unsplash.jpg",
          "schema_version": 0,
          "attributes": {
            "acl": "private",
            "bucket": "terraform-restaurant",
            "bucket_key_enabled": false,
            "cache_control": "",
            "content": null,
            "content_base64": null,
            "content_disposition": "",
            "content_encoding": "",
            "content_language": "",
            "content_type": "image/jpeg",
            "etag": "7d189d8c547473d83586d48fa290c824",
            "force_destroy": false,
            "id": "/images/lunch/farhad-ibrahimzade-D5c9ZciQy_I-unsplash.jpg",
            "key": "/images/lunch/farhad-ibrahimzade-D5c9ZciQy_I-unsplash.jpg",
            "kms_key_id": null,
            "metadata": {},
            "object_lock_legal_hold_status": "",
            "object_lock_mode": "",
            "object_lock_retain_until_date": "",
            "server_side_encryption": "",
            "source": "src/images/lunch/farhad-ibrahimzade-D5c9ZciQy_I-unsplash.jpg",
            "source_hash": null,
            "storage_class": "STANDARD",
            "tags": {},
            "tags_all": {},
            "version_id": "",
            "website_redirect": ""
          },
          "sensitive_attributes": [],
          "private": "bnVsbA==",
          "dependencies": [
            "aws_s3_bucket.restaurant_bucket"
          ]
        },
        {
          "index_key": "src/images/lunch/farhad-ibrahimzade-MGKqxm6u2bc-unsplash.jpg",
          "schema_version": 0,
          "attributes": {
            "acl": "private",
            "bucket": "terraform-restaurant",
            "bucket_key_enabled": false,
            "cache_control": "",
            "content": null,
            "content_base64": null,
            "content_disposition": "",
            "content_encoding": "",
            "content_language": "",
            "content_type": "image/jpeg",
            "etag": "c8e8c50be7c80e54d92a399b10c741f2",
            "force_destroy": false,
            "id": "/images/lunch/farhad-ibrahimzade-MGKqxm6u2bc-unsplash.jpg",
            "key": "/images/lunch/farhad-ibrahimzade-MGKqxm6u2bc-unsplash.jpg",
            "kms_key_id": null,
            "metadata": {},
            "object_lock_legal_hold_status": "",
            "object_lock_mode": "",
            "object_lock_retain_until_date": "",
            "server_side_encryption": "",
            "source": "src/images/lunch/farhad-ibrahimzade-MGKqxm6u2bc-unsplash.jpg",
            "source_hash": null,
            "storage_class": "STANDARD",
            "tags": {},
            "tags_all": {},
            "version_id": "",
            "website_redirect": ""
          },
          "sensitive_attributes": [],
          "private": "bnVsbA==",
          "dependencies": [
            "aws_s3_bucket.restaurant_bucket"
          ]
        },
        {
          "index_key": "src/images/lunch/louis-hansel-cH5IPjaAYyo-unsplash.jpg",
          "schema_version": 0,
          "attributes": {
            "acl": "private",
            "bucket": "terraform-restaurant",
            "bucket_key_enabled": false,
            "cache_control": "",
            "content": null,
            "content_base64": null,
            "content_disposition": "",
            "content_encoding": "",
            "content_language": "",
            "content_type": "image/jpeg",
            "etag": "50c3242a6e00b3a180e75acb75e7991b",
            "force_destroy": false,
            "id": "/images/lunch/louis-hansel-cH5IPjaAYyo-unsplash.jpg",
            "key": "/images/lunch/louis-hansel-cH5IPjaAYyo-unsplash.jpg",
            "kms_key_id": null,
            "metadata": {},
            "object_lock_legal_hold_status": "",
            "object_lock_mode": "",
            "object_lock_retain_until_date": "",
            "server_side_encryption": "",
            "source": "src/images/lunch/louis-hansel-cH5IPjaAYyo-unsplash.jpg",
            "source_hash": null,
            "storage_class": "STANDARD",
            "tags": {},
            "tags_all": {},
            "version_id": "",
            "website_redirect": ""
          },
          "sensitive_attributes": [],
          "private": "bnVsbA==",
          "dependencies": [
            "aws_s3_bucket.restaurant_bucket"
          ]
        },
        {
          "index_key": "src/images/lunch/louis-hansel-rheOvfxOlOA-unsplash.jpg",
          "schema_version": 0,
          "attributes": {
            "acl": "private",
            "bucket": "terraform-restaurant",
            "bucket_key_enabled": false,
            "cache_control": "",
            "content": null,
            "content_base64": null,
            "content_disposition": "",
            "content_encoding": "",
            "content_language": "",
            "content_type": "image/jpeg",
            "etag": "7e88b206b40e70530a81ca9ad5e78d78",
            "force_destroy": false,
            "id": "/images/lunch/louis-hansel-rheOvfxOlOA-unsplash.jpg",
            "key": "/images/lunch/louis-hansel-rheOvfxOlOA-unsplash.jpg",
            "kms_key_id": null,
            "metadata": {},
            "object_lock_legal_hold_status": "",
            "object_lock_mode": "",
            "object_lock_retain_until_date": "",
            "server_side_encryption": "",
            "source": "src/images/lunch/louis-hansel-rheOvfxOlOA-unsplash.jpg",
            "source_hash": null,
            "storage_class": "STANDARD",
            "tags": {},
            "tags_all": {},
            "version_id": "",
            "website_redirect": ""
          },
          "sensitive_attributes": [],
          "private": "bnVsbA==",
          "dependencies": [
            "aws_s3_bucket.restaurant_bucket"
          ]
        },
        {
          "index_key": "src/images/news/caroline-attwood-bpPTlXWTOvg-unsplash.jpg",
          "schema_version": 0,
          "attributes": {
            "acl": "private",
            "bucket": "terraform-restaurant",
            "bucket_key_enabled": false,
            "cache_control": "",
            "content": null,
            "content_base64": null,
            "content_disposition": "",
            "content_encoding": "",
            "content_language": "",
            "content_type": "image/jpeg",
            "etag": "9f2ad913398b6260c2d750e4f99ef70e",
            "force_destroy": false,
            "id": "/images/news/caroline-attwood-bpPTlXWTOvg-unsplash.jpg",
            "key": "/images/news/caroline-attwood-bpPTlXWTOvg-unsplash.jpg",
            "kms_key_id": null,
            "metadata": {},
            "object_lock_legal_hold_status": "",
            "object_lock_mode": "",
            "object_lock_retain_until_date": "",
            "server_side_encryption": "",
            "source": "src/images/news/caroline-attwood-bpPTlXWTOvg-unsplash.jpg",
            "source_hash": null,
            "storage_class": "STANDARD",
            "tags": {},
            "tags_all": {},
            "version_id": "",
            "website_redirect": ""
          },
          "sensitive_attributes": [],
          "private": "bnVsbA==",
          "dependencies": [
            "aws_s3_bucket.restaurant_bucket"
          ]
        },
        {
          "index_key": "src/images/news/ella-olsson-mmnKI8kMxpc-unsplash.jpg",
          "schema_version": 0,
          "attributes": {
            "acl": "private",
            "bucket": "terraform-restaurant",
            "bucket_key_enabled": false,
            "cache_control": "",
            "content": null,
            "content_base64": null,
            "content_disposition": "",
            "content_encoding": "",
            "content_language": "",
            "content_type": "image/jpeg",
            "etag": "a829e40a78239fee28789a794ed24652",
            "force_destroy": false,
            "id": "/images/news/ella-olsson-mmnKI8kMxpc-unsplash.jpg",
            "key": "/images/news/ella-olsson-mmnKI8kMxpc-unsplash.jpg",
            "kms_key_id": null,
            "metadata": {},
            "object_lock_legal_hold_status": "",
            "object_lock_mode": "",
            "object_lock_retain_until_date": "",
            "server_side_encryption": "",
            "source": "src/images/news/ella-olsson-mmnKI8kMxpc-unsplash.jpg",
            "source_hash": null,
            "storage_class": "STANDARD",
            "tags": {},
            "tags_all": {},
            "version_id": "",
            "website_redirect": ""
          },
          "sensitive_attributes": [],
          "private": "bnVsbA==",
          "dependencies": [
            "aws_s3_bucket.restaurant_bucket"
          ]
        },
        {
          "index_key": "src/images/news/gilles-lambert-S_LhjpfIdm4-unsplash.jpg",
          "schema_version": 0,
          "attributes": {
            "acl": "private",
            "bucket": "terraform-restaurant",
            "bucket_key_enabled": false,
            "cache_control": "",
            "content": null,
            "content_base64": null,
            "content_disposition": "",
            "content_encoding": "",
            "content_language": "",
            "content_type": "image/jpeg",
            "etag": "79d129e2013b4f9b8c38fbb4e2ef7efb",
            "force_destroy": false,
            "id": "/images/news/gilles-lambert-S_LhjpfIdm4-unsplash.jpg",
            "key": "/images/news/gilles-lambert-S_LhjpfIdm4-unsplash.jpg",
            "kms_key_id": null,
            "metadata": {},
            "object_lock_legal_hold_status": "",
            "object_lock_mode": "",
            "object_lock_retain_until_date": "",
            "server_side_encryption": "",
            "source": "src/images/news/gilles-lambert-S_LhjpfIdm4-unsplash.jpg",
            "source_hash": null,
            "storage_class": "STANDARD",
            "tags": {},
            "tags_all": {},
            "version_id": "",
            "website_redirect": ""
          },
          "sensitive_attributes": [],
          "private": "bnVsbA==",
          "dependencies": [
            "aws_s3_bucket.restaurant_bucket"
          ]
        },
        {
          "index_key": "src/images/news/louis-hansel-GiIiRV0FjwU-unsplash.jpg",
          "schema_version": 0,
          "attributes": {
            "acl": "private",
            "bucket": "terraform-restaurant",
            "bucket_key_enabled": false,
            "cache_control": "",
            "content": null,
            "content_base64": null,
            "content_disposition": "",
            "content_encoding": "",
            "content_language": "",
            "content_type": "image/jpeg",
            "etag": "7d1658e074cde49a81b9cf9a8ae81f23",
            "force_destroy": false,
            "id": "/images/news/louis-hansel-GiIiRV0FjwU-unsplash.jpg",
            "key": "/images/news/louis-hansel-GiIiRV0FjwU-unsplash.jpg",
            "kms_key_id": null,
            "metadata": {},
            "object_lock_legal_hold_status": "",
            "object_lock_mode": "",
            "object_lock_retain_until_date": "",
            "server_side_encryption": "",
            "source": "src/images/news/louis-hansel-GiIiRV0FjwU-unsplash.jpg",
            "source_hash": null,
            "storage_class": "STANDARD",
            "tags": {},
            "tags_all": {},
            "version_id": "",
            "website_redirect": ""
          },
          "sensitive_attributes": [],
          "private": "bnVsbA==",
          "dependencies": [
            "aws_s3_bucket.restaurant_bucket"
          ]
        },
        {
          "index_key": "src/images/news/news-detail-header.jpg",
          "schema_version": 0,
          "attributes": {
            "acl": "private",
            "bucket": "terraform-restaurant",
            "bucket_key_enabled": false,
            "cache_control": "",
            "content": null,
            "content_base64": null,
            "content_disposition": "",
            "content_encoding": "",
            "content_language": "",
            "content_type": "image/jpeg",
            "etag": "19be81f6722776306c277ef90110eb6d",
            "force_destroy": false,
            "id": "/images/news/news-detail-header.jpg",
            "key": "/images/news/news-detail-header.jpg",
            "kms_key_id": null,
            "metadata": {},
            "object_lock_legal_hold_status": "",
            "object_lock_mode": "",
            "object_lock_retain_until_date": "",
            "server_side_encryption": "",
            "source": "src/images/news/news-detail-header.jpg",
            "source_hash": null,
            "storage_class": "STANDARD",
            "tags": {},
            "tags_all": {},
            "version_id": "",
            "website_redirect": ""
          },
          "sensitive_attributes": [],
          "private": "bnVsbA==",
          "dependencies": [
            "aws_s3_bucket.restaurant_bucket"
          ]
        },
        {
          "index_key": "src/images/news/pablo-merchan-montes-Orz90t6o0e4-unsplash.jpg",
          "schema_version": 0,
          "attributes": {
            "acl": "private",
            "bucket": "terraform-restaurant",
            "bucket_key_enabled": false,
            "cache_control": "",
            "content": null,
            "content_base64": null,
            "content_disposition": "",
            "content_encoding": "",
            "content_language": "",
            "content_type": "image/jpeg",
            "etag": "db9bd545d5f2a70b42d1b7053252045d",
            "force_destroy": false,
            "id": "/images/news/pablo-merchan-montes-Orz90t6o0e4-unsplash.jpg",
            "key": "/images/news/pablo-merchan-montes-Orz90t6o0e4-unsplash.jpg",
            "kms_key_id": null,
            "metadata": {},
            "object_lock_legal_hold_status": "",
            "object_lock_mode": "",
            "object_lock_retain_until_date": "",
            "server_side_encryption": "",
            "source": "src/images/news/pablo-merchan-montes-Orz90t6o0e4-unsplash.jpg",
            "source_hash": null,
            "storage_class": "STANDARD",
            "tags": {},
            "tags_all": {},
            "version_id": "",
            "website_redirect": ""
          },
          "sensitive_attributes": [],
          "private": "bnVsbA==",
          "dependencies": [
            "aws_s3_bucket.restaurant_bucket"
          ]
        },
        {
          "index_key": "src/images/news/priscilla-du-preez-W3SEyZODn8U-unsplash.jpg",
          "schema_version": 0,
          "attributes": {
            "acl": "private",
            "bucket": "terraform-restaurant",
            "bucket_key_enabled": false,
            "cache_control": "",
            "content": null,
            "content_base64": null,
            "content_disposition": "",
            "content_encoding": "",
            "content_language": "",
            "content_type": "image/jpeg",
            "etag": "db3f29920c7a39c94234298f851fc18e",
            "force_destroy": false,
            "id": "/images/news/priscilla-du-preez-W3SEyZODn8U-unsplash.jpg",
            "key": "/images/news/priscilla-du-preez-W3SEyZODn8U-unsplash.jpg",
            "kms_key_id": null,
            "metadata": {},
            "object_lock_legal_hold_status": "",
            "object_lock_mode": "",
            "object_lock_retain_until_date": "",
            "server_side_encryption": "",
            "source": "src/images/news/priscilla-du-preez-W3SEyZODn8U-unsplash.jpg",
            "source_hash": null,
            "storage_class": "STANDARD",
            "tags": {},
            "tags_all": {},
            "version_id": "",
            "website_redirect": ""
          },
          "sensitive_attributes": [],
          "private": "bnVsbA==",
          "dependencies": [
            "aws_s3_bucket.restaurant_bucket"
          ]
        },
        {
          "index_key": "src/images/news/stefan-johnson-xIFbDeGcy44-unsplash.jpg",
          "schema_version": 0,
          "attributes": {
            "acl": "private",
            "bucket": "terraform-restaurant",
            "bucket_key_enabled": false,
            "cache_control": "",
            "content": null,
            "content_base64": null,
            "content_disposition": "",
            "content_encoding": "",
            "content_language": "",
            "content_type": "image/jpeg",
            "etag": "993cbf8ec1282262a201a769298bc1bb",
            "force_destroy": false,
            "id": "/images/news/stefan-johnson-xIFbDeGcy44-unsplash.jpg",
            "key": "/images/news/stefan-johnson-xIFbDeGcy44-unsplash.jpg",
            "kms_key_id": null,
            "metadata": {},
            "object_lock_legal_hold_status": "",
            "object_lock_mode": "",
            "object_lock_retain_until_date": "",
            "server_side_encryption": "",
            "source": "src/images/news/stefan-johnson-xIFbDeGcy44-unsplash.jpg",
            "source_hash": null,
            "storage_class": "STANDARD",
            "tags": {},
            "tags_all": {},
            "version_id": "",
            "website_redirect": ""
          },
          "sensitive_attributes": [],
          "private": "bnVsbA==",
          "dependencies": [
            "aws_s3_bucket.restaurant_bucket"
          ]
        },
        {
          "index_key": "src/images/sincerely-media-HoEYgBL_Gcs-unsplash-mobile.jpg",
          "schema_version": 0,
          "attributes": {
            "acl": "private",
            "bucket": "terraform-restaurant",
            "bucket_key_enabled": false,
            "cache_control": "",
            "content": null,
            "content_base64": null,
            "content_disposition": "",
            "content_encoding": "",
            "content_language": "",
            "content_type": "image/jpeg",
            "etag": "6b734df67e05d082fc9b0990b5c6c5b6",
            "force_destroy": false,
            "id": "/images/sincerely-media-HoEYgBL_Gcs-unsplash-mobile.jpg",
            "key": "/images/sincerely-media-HoEYgBL_Gcs-unsplash-mobile.jpg",
            "kms_key_id": null,
            "metadata": {},
            "object_lock_legal_hold_status": "",
            "object_lock_mode": "",
            "object_lock_retain_until_date": "",
            "server_side_encryption": "",
            "source": "src/images/sincerely-media-HoEYgBL_Gcs-unsplash-mobile.jpg",
            "source_hash": null,
            "storage_class": "STANDARD",
            "tags": {},
            "tags_all": {},
            "version_id": "",
            "website_redirect": ""
          },
          "sensitive_attributes": [],
          "private": "bnVsbA==",
          "dependencies": [
            "aws_s3_bucket.restaurant_bucket"
          ]
        },
        {
          "index_key": "src/images/sincerely-media-HoEYgBL_Gcs-unsplash.jpg",
          "schema_version": 0,
          "attributes": {
            "acl": "private",
            "bucket": "terraform-restaurant",
            "bucket_key_enabled": false,
            "cache_control": "",
            "content": null,
            "content_base64": null,
            "content_disposition": "",
            "content_encoding": "",
            "content_language": "",
            "content_type": "image/jpeg",
            "etag": "7df9d2dcd7ffae4d8fca823125f60db3",
            "force_destroy": false,
            "id": "/images/sincerely-media-HoEYgBL_Gcs-unsplash.jpg",
            "key": "/images/sincerely-media-HoEYgBL_Gcs-unsplash.jpg",
            "kms_key_id": null,
            "metadata": {},
            "object_lock_legal_hold_status": "",
            "object_lock_mode": "",
            "object_lock_retain_until_date": "",
            "server_side_encryption": "",
            "source": "src/images/sincerely-media-HoEYgBL_Gcs-unsplash.jpg",
            "source_hash": null,
            "storage_class": "STANDARD",
            "tags": {},
            "tags_all": {},
            "version_id": "",
            "website_redirect": ""
          },
          "sensitive_attributes": [],
          "private": "bnVsbA==",
          "dependencies": [
            "aws_s3_bucket.restaurant_bucket"
          ]
        },
        {
          "index_key": "src/images/slide/ivan-torres-MQUqbmszGGM-unsplash.jpg",
          "schema_version": 0,
          "attributes": {
            "acl": "private",
            "bucket": "terraform-restaurant",
            "bucket_key_enabled": false,
            "cache_control": "",
            "content": null,
            "content_base64": null,
            "content_disposition": "",
            "content_encoding": "",
            "content_language": "",
            "content_type": "image/jpeg",
            "etag": "dd78a06dd3f871c42340890c13f1fd04",
            "force_destroy": false,
            "id": "/images/slide/ivan-torres-MQUqbmszGGM-unsplash.jpg",
            "key": "/images/slide/ivan-torres-MQUqbmszGGM-unsplash.jpg",
            "kms_key_id": null,
            "metadata": {},
            "object_lock_legal_hold_status": "",
            "object_lock_mode": "",
            "object_lock_retain_until_date": "",
            "server_side_encryption": "",
            "source": "src/images/slide/ivan-torres-MQUqbmszGGM-unsplash.jpg",
            "source_hash": null,
            "storage_class": "STANDARD",
            "tags": {},
            "tags_all": {},
            "version_id": "",
            "website_redirect": ""
          },
          "sensitive_attributes": [],
          "private": "bnVsbA==",
          "dependencies": [
            "aws_s3_bucket.restaurant_bucket"
          ]
        },
        {
          "index_key": "src/images/slide/jason-leung-O67LZfeyYBk-unsplash.jpg",
          "schema_version": 0,
          "attributes": {
            "acl": "private",
            "bucket": "terraform-restaurant",
            "bucket_key_enabled": false,
            "cache_control": "",
            "content": null,
            "content_base64": null,
            "content_disposition": "",
            "content_encoding": "",
            "content_language": "",
            "content_type": "image/jpeg",
            "etag": "4908528f96f7f8f0335e715e3b72ff1e",
            "force_destroy": false,
            "id": "/images/slide/jason-leung-O67LZfeyYBk-unsplash.jpg",
            "key": "/images/slide/jason-leung-O67LZfeyYBk-unsplash.jpg",
            "kms_key_id": null,
            "metadata": {},
            "object_lock_legal_hold_status": "",
            "object_lock_mode": "",
            "object_lock_retain_until_date": "",
            "server_side_encryption": "",
            "source": "src/images/slide/jason-leung-O67LZfeyYBk-unsplash.jpg",
            "source_hash": null,
            "storage_class": "STANDARD",
            "tags": {},
            "tags_all": {},
            "version_id": "",
            "website_redirect": ""
          },
          "sensitive_attributes": [],
          "private": "bnVsbA==",
          "dependencies": [
            "aws_s3_bucket.restaurant_bucket"
          ]
        },
        {
          "index_key": "src/images/slide/jay-wennington-N_Y88TWmGwA-unsplash.jpg",
          "schema_version": 0,
          "attributes": {
            "acl": "private",
            "bucket": "terraform-restaurant",
            "bucket_key_enabled": false,
            "cache_control": "",
            "content": null,
            "content_base64": null,
            "content_disposition": "",
            "content_encoding": "",
            "content_language": "",
            "content_type": "image/jpeg",
            "etag": "7a68446dcb411df6a384f7b079baaaf5",
            "force_destroy": false,
            "id": "/images/slide/jay-wennington-N_Y88TWmGwA-unsplash.jpg",
            "key": "/images/slide/jay-wennington-N_Y88TWmGwA-unsplash.jpg",
            "kms_key_id": null,
            "metadata": {},
            "object_lock_legal_hold_status": "",
            "object_lock_mode": "",
            "object_lock_retain_until_date": "",
            "server_side_encryption": "",
            "source": "src/images/slide/jay-wennington-N_Y88TWmGwA-unsplash.jpg",
            "source_hash": null,
            "storage_class": "STANDARD",
            "tags": {},
            "tags_all": {},
            "version_id": "",
            "website_redirect": ""
          },
          "sensitive_attributes": [],
          "private": "bnVsbA==",
          "dependencies": [
            "aws_s3_bucket.restaurant_bucket"
          ]
        },
        {
          "index_key": "src/images/team/matthew-hamilton-tNCH0sKSZbA-unsplash.jpg",
          "schema_version": 0,
          "attributes": {
            "acl": "private",
            "bucket": "terraform-restaurant",
            "bucket_key_enabled": false,
            "cache_control": "",
            "content": null,
            "content_base64": null,
            "content_disposition": "",
            "content_encoding": "",
            "content_language": "",
            "content_type": "image/jpeg",
            "etag": "6eb4aa8811013398bae0b455bbd34116",
            "force_destroy": false,
            "id": "/images/team/matthew-hamilton-tNCH0sKSZbA-unsplash.jpg",
            "key": "/images/team/matthew-hamilton-tNCH0sKSZbA-unsplash.jpg",
            "kms_key_id": null,
            "metadata": {},
            "object_lock_legal_hold_status": "",
            "object_lock_mode": "",
            "object_lock_retain_until_date": "",
            "server_side_encryption": "",
            "source": "src/images/team/matthew-hamilton-tNCH0sKSZbA-unsplash.jpg",
            "source_hash": null,
            "storage_class": "STANDARD",
            "tags": {},
            "tags_all": {},
            "version_id": "",
            "website_redirect": ""
          },
          "sensitive_attributes": [],
          "private": "bnVsbA==",
          "dependencies": [
            "aws_s3_bucket.restaurant_bucket"
          ]
        },
        {
          "index_key": "src/images/team/nicolas-horn-MTZTGvDsHFY-unsplash.jpg",
          "schema_version": 0,
          "attributes": {
            "acl": "private",
            "bucket": "terraform-restaurant",
            "bucket_key_enabled": false,
            "cache_control": "",
            "content": null,
            "content_base64": null,
            "content_disposition": "",
            "content_encoding": "",
            "content_language": "",
            "content_type": "image/jpeg",
            "etag": "9706bb09a17803d69ffeacbacfd2d1aa",
            "force_destroy": false,
            "id": "/images/team/nicolas-horn-MTZTGvDsHFY-unsplash.jpg",
            "key": "/images/team/nicolas-horn-MTZTGvDsHFY-unsplash.jpg",
            "kms_key_id": null,
            "metadata": {},
            "object_lock_legal_hold_status": "",
            "object_lock_mode": "",
            "object_lock_retain_until_date": "",
            "server_side_encryption": "",
            "source": "src/images/team/nicolas-horn-MTZTGvDsHFY-unsplash.jpg",
            "source_hash": null,
            "storage_class": "STANDARD",
            "tags": {},
            "tags_all": {},
            "version_id": "",
            "website_redirect": ""
          },
          "sensitive_attributes": [],
          "private": "bnVsbA==",
          "dependencies": [
            "aws_s3_bucket.restaurant_bucket"
          ]
        },
        {
          "index_key": "src/images/team/rc-cf-FMh5o5m5N9E-unsplash.jpg",
          "schema_version": 0,
          "attributes": {
            "acl": "private",
            "bucket": "terraform-restaurant",
            "bucket_key_enabled": false,
            "cache_control": "",
            "content": null,
            "content_base64": null,
            "content_disposition": "",
            "content_encoding": "",
            "content_language": "",
            "content_type": "image/jpeg",
            "etag": "f1cd0c904bef3f19d60447194e443afd",
            "force_destroy": false,
            "id": "/images/team/rc-cf-FMh5o5m5N9E-unsplash.jpg",
            "key": "/images/team/rc-cf-FMh5o5m5N9E-unsplash.jpg",
            "kms_key_id": null,
            "metadata": {},
            "object_lock_legal_hold_status": "",
            "object_lock_mode": "",
            "object_lock_retain_until_date": "",
            "server_side_encryption": "",
            "source": "src/images/team/rc-cf-FMh5o5m5N9E-unsplash.jpg",
            "source_hash": null,
            "storage_class": "STANDARD",
            "tags": {},
            "tags_all": {},
            "version_id": "",
            "website_redirect": ""
          },
          "sensitive_attributes": [],
          "private": "bnVsbA==",
          "dependencies": [
            "aws_s3_bucket.restaurant_bucket"
          ]
        },
        {
          "index_key": "src/index.html",
          "schema_version": 0,
          "attributes": {
            "acl": "private",
            "bucket": "terraform-restaurant",
            "bucket_key_enabled": false,
            "cache_control": "",
            "content": null,
            "content_base64": null,
            "content_disposition": "",
            "content_encoding": "",
            "content_language": "",
            "content_type": "text/html",
            "etag": "961f8413abb73e9c2cb59328a6949535",
            "force_destroy": false,
            "id": "/index.html",
            "key": "/index.html",
            "kms_key_id": null,
            "metadata": {},
            "object_lock_legal_hold_status": "",
            "object_lock_mode": "",
            "object_lock_retain_until_date": "",
            "server_side_encryption": "",
            "source": "src/index.html",
            "source_hash": null,
            "storage_class": "STANDARD",
            "tags": {},
            "tags_all": {},
            "version_id": "",
            "website_redirect": ""
          },
          "sensitive_attributes": [],
          "private": "bnVsbA==",
          "dependencies": [
            "aws_s3_bucket.restaurant_bucket"
          ]
        },
        {
          "index_key": "src/js/bootstrap.bundle.min.js",
          "schema_version": 0,
          "attributes": {
            "acl": "private",
            "bucket": "terraform-restaurant",
            "bucket_key_enabled": false,
            "cache_control": "",
            "content": null,
            "content_base64": null,
            "content_disposition": "",
            "content_encoding": "",
            "content_language": "",
            "content_type": "application/javascript",
            "etag": "7ccd9d390d31af98110f74f842ea9b32",
            "force_destroy": false,
            "id": "/js/bootstrap.bundle.min.js",
            "key": "/js/bootstrap.bundle.min.js",
            "kms_key_id": null,
            "metadata": {},
            "object_lock_legal_hold_status": "",
            "object_lock_mode": "",
            "object_lock_retain_until_date": "",
            "server_side_encryption": "",
            "source": "src/js/bootstrap.bundle.min.js",
            "source_hash": null,
            "storage_class": "STANDARD",
            "tags": {},
            "tags_all": {},
            "version_id": "",
            "website_redirect": ""
          },
          "sensitive_attributes": [],
          "private": "bnVsbA==",
          "dependencies": [
            "aws_s3_bucket.restaurant_bucket"
          ]
        },
        {
          "index_key": "src/js/custom.js",
          "schema_version": 0,
          "attributes": {
            "acl": "private",
            "bucket": "terraform-restaurant",
            "bucket_key_enabled": false,
            "cache_control": "",
            "content": null,
            "content_base64": null,
            "content_disposition": "",
            "content_encoding": "",
            "content_language": "",
            "content_type": "application/javascript",
            "etag": "e9ed9837167c30ae562452e8c67c5d06",
            "force_destroy": false,
            "id": "/js/custom.js",
            "key": "/js/custom.js",
            "kms_key_id": null,
            "metadata": {},
            "object_lock_legal_hold_status": "",
            "object_lock_mode": "",
            "object_lock_retain_until_date": "",
            "server_side_encryption": "",
            "source": "src/js/custom.js",
            "source_hash": null,
            "storage_class": "STANDARD",
            "tags": {},
            "tags_all": {},
            "version_id": "",
            "website_redirect": ""
          },
          "sensitive_attributes": [],
          "private": "bnVsbA==",
          "dependencies": [
            "aws_s3_bucket.restaurant_bucket"
          ]
        },
        {
          "index_key": "src/js/jquery.min.js",
          "schema_version": 0,
          "attributes": {
            "acl": "private",
            "bucket": "terraform-restaurant",
            "bucket_key_enabled": false,
            "cache_control": "",
            "content": null,
            "content_base64": null,
            "content_disposition": "",
            "content_encoding": "",
            "content_language": "",
            "content_type": "application/javascript",
            "etag": "48abd2372de119dfd7ffb96c8f307bfe",
            "force_destroy": false,
            "id": "/js/jquery.min.js",
            "key": "/js/jquery.min.js",
            "kms_key_id": null,
            "metadata": {},
            "object_lock_legal_hold_status": "",
            "object_lock_mode": "",
            "object_lock_retain_until_date": "",
            "server_side_encryption": "",
            "source": "src/js/jquery.min.js",
            "source_hash": null,
            "storage_class": "STANDARD",
            "tags": {},
            "tags_all": {},
            "version_id": "",
            "website_redirect": ""
          },
          "sensitive_attributes": [],
          "private": "bnVsbA==",
          "dependencies": [
            "aws_s3_bucket.restaurant_bucket"
          ]
        },
        {
          "index_key": "src/menu.html",
          "schema_version": 0,
          "attributes": {
            "acl": "private",
            "bucket": "terraform-restaurant",
            "bucket_key_enabled": false,
            "cache_control": "",
            "content": null,
            "content_base64": null,
            "content_disposition": "",
            "content_encoding": "",
            "content_language": "",
            "content_type": "text/html",
            "etag": "d5e6f189762d19a6d3cb67900a16df25",
            "force_destroy": false,
            "id": "/menu.html",
            "key": "/menu.html",
            "kms_key_id": null,
            "metadata": {},
            "object_lock_legal_hold_status": "",
            "object_lock_mode": "",
            "object_lock_retain_until_date": "",
            "server_side_encryption": "",
            "source": "src/menu.html",
            "source_hash": null,
            "storage_class": "STANDARD",
            "tags": {},
            "tags_all": {},
            "version_id": "",
            "website_redirect": ""
          },
          "sensitive_attributes": [],
          "private": "bnVsbA==",
          "dependencies": [
            "aws_s3_bucket.restaurant_bucket"
          ]
        },
        {
          "index_key": "src/news-detail.html",
          "schema_version": 0,
          "attributes": {
            "acl": "private",
            "bucket": "terraform-restaurant",
            "bucket_key_enabled": false,
            "cache_control": "",
            "content": null,
            "content_base64": null,
            "content_disposition": "",
            "content_encoding": "",
            "content_language": "",
            "content_type": "text/html",
            "etag": "19faf16641d00e38a26137a6b3311ce3",
            "force_destroy": false,
            "id": "/news-detail.html",
            "key": "/news-detail.html",
            "kms_key_id": null,
            "metadata": {},
            "object_lock_legal_hold_status": "",
            "object_lock_mode": "",
            "object_lock_retain_until_date": "",
            "server_side_encryption": "",
            "source": "src/news-detail.html",
            "source_hash": null,
            "storage_class": "STANDARD",
            "tags": {},
            "tags_all": {},
            "version_id": "",
            "website_redirect": ""
          },
          "sensitive_attributes": [],
          "private": "bnVsbA==",
          "dependencies": [
            "aws_s3_bucket.restaurant_bucket"
          ]
        },
        {
          "index_key": "src/news.html",
          "schema_version": 0,
          "attributes": {
            "acl": "private",
            "bucket": "terraform-restaurant",
            "bucket_key_enabled": false,
            "cache_control": "",
            "content": null,
            "content_base64": null,
            "content_disposition": "",
            "content_encoding": "",
            "content_language": "",
            "content_type": "text/html",
            "etag": "e6123b29a7da3b53ce8cfee29346c1ff",
            "force_destroy": false,
            "id": "/news.html",
            "key": "/news.html",
            "kms_key_id": null,
            "metadata": {},
            "object_lock_legal_hold_status": "",
            "object_lock_mode": "",
            "object_lock_retain_until_date": "",
            "server_side_encryption": "",
            "source": "src/news.html",
            "source_hash": null,
            "storage_class": "STANDARD",
            "tags": {},
            "tags_all": {},
            "version_id": "",
            "website_redirect": ""
          },
          "sensitive_attributes": [],
          "private": "bnVsbA==",
          "dependencies": [
            "aws_s3_bucket.restaurant_bucket"
          ]
        },
        {
          "index_key": "src/video/production_ID_3769033.mp4",
          "schema_version": 0,
          "attributes": {
            "acl": "private",
            "bucket": "terraform-restaurant",
            "bucket_key_enabled": false,
            "cache_control": "",
            "content": null,
            "content_base64": null,
            "content_disposition": "",
            "content_encoding": "",
            "content_language": "",
            "content_type": "video/mp4",
            "etag": "b5da80f1dad27f632b694c7dfcf90b0a",
            "force_destroy": false,
            "id": "/video/production_ID_3769033.mp4",
            "key": "/video/production_ID_3769033.mp4",
            "kms_key_id": null,
            "metadata": {},
            "object_lock_legal_hold_status": "",
            "object_lock_mode": "",
            "object_lock_retain_until_date": "",
            "server_side_encryption": "",
            "source": "src/video/production_ID_3769033.mp4",
            "source_hash": null,
            "storage_class": "STANDARD",
            "tags": {},
            "tags_all": {},
            "version_id": "",
            "website_redirect": ""
          },
          "sensitive_attributes": [],
          "private": "bnVsbA==",
          "dependencies": [
            "aws_s3_bucket.restaurant_bucket"
          ]
        }
      ]
    },
    {
      "mode": "managed",
      "type": "aws_s3_bucket_website_configuration",
      "name": "restaurant_bucket_website_config",
      "provider": "provider[\"registry.terraform.io/hashicorp/aws\"]",
      "instances": [
        {
          "schema_version": 0,
          "attributes": {
            "bucket": "terraform-restaurant",
            "error_document": [],
            "expected_bucket_owner": "",
            "id": "terraform-restaurant",
            "index_document": [
              {
                "suffix": "index.html"
              }
            ],
            "redirect_all_requests_to": [],
            "routing_rule": [],
            "routing_rules": "",
            "website_domain": "s3-website-ap-southeast-1.amazonaws.com",
            "website_endpoint": "terraform-restaurant.s3-website-ap-southeast-1.amazonaws.com"
          },
          "sensitive_attributes": [],
          "private": "bnVsbA==",
          "dependencies": [
            "aws_s3_bucket.restaurant_bucket"
          ]
        }
      ]
    }
  ]
}
